{
  "projects": [
    {
      "projectId": "seaQhLVS4bbjiGvJJrRwyL",
      "version": "latest",
      "dependencies": {},
      "lang": "ts",
      "fileLocks": [
        {
          "assetId": "seaQhLVS4bbjiGvJJrRwyL",
          "type": "projectCss",
          "checksum": "85f7ca190f576c5a2499623973afb625"
        }
      ]
    },
    {
      "projectId": "9Uj6Lgx5UzpcUhidLgbKvg",
      "version": "latest",
      "dependencies": {
        "seaQhLVS4bbjiGvJJrRwyL": "15.0.3"
      },
      "lang": "ts",
      "fileLocks": [
        {
          "type": "globalVariant",
          "assetId": "VRLY_qLq0WpRE9",
          "checksum": "aadfad39568591c3a0cde88d436846e4"
        },
        {
          "type": "renderModule",
          "assetId": "VMOEtk3HwYK-3",
          "checksum": "bc1d45eeddcf5fa1dd44251d61b80f98"
        },
        {
          "type": "cssRules",
          "assetId": "VMOEtk3HwYK-3",
          "checksum": "bc1d45eeddcf5fa1dd44251d61b80f98"
        },
        {
          "type": "renderModule",
          "assetId": "2NrTpVi1hu7w9",
          "checksum": "a82db703468e45c7956f4f98dc252b21"
        },
        {
          "type": "cssRules",
          "assetId": "2NrTpVi1hu7w9",
          "checksum": "a82db703468e45c7956f4f98dc252b21"
        },
        {
          "type": "renderModule",
          "assetId": "-g9rqzjBXTXui",
          "checksum": "c3ef4cdd25855e303f346d1674de74d4"
        },
        {
          "type": "cssRules",
          "assetId": "-g9rqzjBXTXui",
          "checksum": "c3ef4cdd25855e303f346d1674de74d4"
        },
        {
          "type": "renderModule",
          "assetId": "yduLSAxpPYc--",
          "checksum": "d103db52ff279cfe5e504076d8d23439"
        },
        {
          "type": "cssRules",
          "assetId": "yduLSAxpPYc--",
          "checksum": "d103db52ff279cfe5e504076d8d23439"
        },
        {
          "type": "renderModule",
          "assetId": "mYOUcFCBUoI-K",
          "checksum": "53c32bfe82655ed556c967b1cc4842be"
        },
        {
          "type": "cssRules",
          "assetId": "mYOUcFCBUoI-K",
          "checksum": "53c32bfe82655ed556c967b1cc4842be"
        },
        {
          "type": "renderModule",
          "assetId": "G-tEJqSAwpIl7",
          "checksum": "3ef2fe4672db9af74e498c75f1e12e92"
        },
        {
          "type": "cssRules",
          "assetId": "G-tEJqSAwpIl7",
          "checksum": "3ef2fe4672db9af74e498c75f1e12e92"
        },
        {
          "type": "renderModule",
          "assetId": "hahwskKZZ64l_",
          "checksum": "69ebb36839bbc7960064e946e7f77f31"
        },
        {
          "type": "cssRules",
          "assetId": "hahwskKZZ64l_",
          "checksum": "69ebb36839bbc7960064e946e7f77f31"
        },
        {
          "type": "renderModule",
          "assetId": "Yi8dTK5Qw5mqM",
          "checksum": "bd0252b7ee3ece45a9fa3d0a1ab9d58c"
        },
        {
          "type": "cssRules",
          "assetId": "Yi8dTK5Qw5mqM",
          "checksum": "bd0252b7ee3ece45a9fa3d0a1ab9d58c"
        },
        {
          "type": "renderModule",
          "assetId": "nJLOAt030uNj4S",
          "checksum": "1bae1a1a603ec6a1ba28d48b288a33b5"
        },
        {
          "type": "cssRules",
          "assetId": "nJLOAt030uNj4S",
          "checksum": "1bae1a1a603ec6a1ba28d48b288a33b5"
        },
        {
          "type": "renderModule",
          "assetId": "I4u0Q3fhCPQEZe",
          "checksum": "62133976cb93eb9d44cfbd176fe80065"
        },
        {
          "type": "cssRules",
          "assetId": "I4u0Q3fhCPQEZe",
          "checksum": "62133976cb93eb9d44cfbd176fe80065"
        },
        {
          "type": "renderModule",
          "assetId": "ZL3D4lfWpgYgDo",
          "checksum": "f8215cb3dc22312374f3271306e2fe93"
        },
        {
          "type": "cssRules",
          "assetId": "ZL3D4lfWpgYgDo",
          "checksum": "f8215cb3dc22312374f3271306e2fe93"
        },
        {
          "type": "renderModule",
          "assetId": "ulK5Mg_zKRcoAA",
          "checksum": "ea19b1459d7f884a56ace8dcc9570a6f"
        },
        {
          "type": "cssRules",
          "assetId": "ulK5Mg_zKRcoAA",
          "checksum": "ea19b1459d7f884a56ace8dcc9570a6f"
        },
        {
          "type": "renderModule",
          "assetId": "LuOAK2RK5X-muh",
          "checksum": "ce3fc75f89681d2b144388151ad1dd3e"
        },
        {
          "type": "cssRules",
          "assetId": "LuOAK2RK5X-muh",
          "checksum": "ce3fc75f89681d2b144388151ad1dd3e"
        },
        {
          "type": "renderModule",
          "assetId": "KrGuEgPbi_O9Ga",
          "checksum": "f4083ce173cf9a2789d858ccfeb8f2fb"
        },
        {
          "type": "cssRules",
          "assetId": "KrGuEgPbi_O9Ga",
          "checksum": "f4083ce173cf9a2789d858ccfeb8f2fb"
        },
        {
          "type": "renderModule",
          "assetId": "f-oMZxyndHdS9A",
          "checksum": "f0cb263c656696d7df26db9d99a6903e"
        },
        {
          "type": "cssRules",
          "assetId": "f-oMZxyndHdS9A",
          "checksum": "f0cb263c656696d7df26db9d99a6903e"
        },
        {
          "type": "renderModule",
          "assetId": "1JewPJM9Yh0GNt",
          "checksum": "a131d4c87d8f7df7aef079567b23c1e7"
        },
        {
          "type": "cssRules",
          "assetId": "1JewPJM9Yh0GNt",
          "checksum": "a131d4c87d8f7df7aef079567b23c1e7"
        },
        {
          "type": "renderModule",
          "assetId": "3E3WCfbEAK5IT0",
          "checksum": "208c39ef8abf0002c0488a075b4f974b"
        },
        {
          "type": "cssRules",
          "assetId": "3E3WCfbEAK5IT0",
          "checksum": "208c39ef8abf0002c0488a075b4f974b"
        },
        {
          "type": "image",
          "assetId": "1z6xdMq-LBtDnC",
          "checksum": "61b9923b842aad17b90dc8fb269ecfac"
        },
        {
          "type": "image",
          "assetId": "txKfiEDODs2QU5",
          "checksum": "8ae6cf975be1bac0b25fa240c0764065"
        },
        {
          "type": "image",
          "assetId": "yB5EAXl3jxsnwE",
          "checksum": "d74604b360161f0dccc4535695667574"
        },
        {
          "type": "image",
          "assetId": "JJymLFXgpTAXqj",
          "checksum": "aeaa88a21d8aeb2d9cc083994643bc5f"
        },
        {
          "assetId": "9Uj6Lgx5UzpcUhidLgbKvg",
          "type": "projectCss",
          "checksum": "c4c5c903736214694c24415755309aed"
        },
        {
          "type": "icon",
          "assetId": "K_35pKcayzTMcg",
          "checksum": "a72a998b9913a60df6645754f609b2ed"
        },
        {
          "type": "icon",
          "assetId": "YrsGiSTcd-UooE",
          "checksum": "0e1ac07a2919f21e8ff52a4a01a53c6e"
        },
        {
          "type": "icon",
          "assetId": "A50BXgQgLKAs0M",
          "checksum": "a21b08097c80f3051738fab47572376e"
        },
        {
          "type": "icon",
          "assetId": "XTqvsFbLdKd21e",
          "checksum": "206bf0de602a0e9c2876cfc3b07e48a9"
        },
        {
          "type": "icon",
          "assetId": "8ATgmojQBG9T-I",
          "checksum": "6b890096afe16cd747ba9378f93ad4a7"
        },
        {
          "type": "icon",
          "assetId": "NJdGsXiLlrEez8",
          "checksum": "6dd85643e6c88f3ff04050d0d4a9581a"
        },
        {
          "type": "icon",
          "assetId": "cnezcsx5GAJKKV",
          "checksum": "24fdfbba44f2c83612586311cbabc375"
        },
        {
          "type": "icon",
          "assetId": "9F6UR_K2Jj8iwK",
          "checksum": "56816f69385927194e54b87516517fa8"
        },
        {
          "type": "icon",
          "assetId": "MDMPA2WPpWr6Kj",
          "checksum": "26eb130b79da1a8a43854be0b7b6340f"
        },
        {
          "type": "icon",
          "assetId": "9jri_qtB46Mxhf",
          "checksum": "115d8f50abd66ec71f093ff85e697adf"
        },
        {
          "type": "icon",
          "assetId": "vtL-aViMHUmy0w",
          "checksum": "b9aa064daa080eecb0fe3b3737fcce0d"
        },
        {
          "type": "icon",
          "assetId": "tQJolo7WaK-3iW",
          "checksum": "9e009e13e55559ad1a9ccbb130ee0def"
        },
        {
          "type": "icon",
          "assetId": "LMgyLKUtWq3DG5",
          "checksum": "66f6c6790fddcd11ae6b4aa72d6a499b"
        },
        {
          "type": "icon",
          "assetId": "hcJE5HRvXAgQvD",
          "checksum": "0dffa07527b131c9ca28779da31b6bbf"
        },
        {
          "type": "icon",
          "assetId": "WsY5qs_jt_LM7z",
          "checksum": "74f611ca046869e570786a18a88e0f03"
        },
        {
          "type": "icon",
          "assetId": "f6tdncoAJxILYv",
          "checksum": "89f0cff079ebdf4cb20b015b7e16758e"
        },
        {
          "type": "icon",
          "assetId": "hmf_ENA9L2ZI_z",
          "checksum": "bb04314119f9917a1be87f1a6e343f4f"
        },
        {
          "type": "icon",
          "assetId": "AdwSFA9q2_xaF5",
          "checksum": "efd2e3a7fbf13848b941eb6f289df42d"
        },
        {
          "type": "icon",
          "assetId": "i0rGIG0sRRpTLR",
          "checksum": "b554f1b3d95bba83842145c374f2c7c3"
        },
        {
          "type": "icon",
          "assetId": "HJodSCmVxX46ON",
          "checksum": "d25d6a39b76a3d2aded871c943883c69"
        }
      ]
    }
  ],
  "cliVersion": "0.1.158"
}
